
Microsoft Visual Studio Solution File, Format Version 12.00
# Visual Studio Version 17
VisualStudioVersion = 17.8.34316.72
MinimumVisualStudioVersion = 10.0.40219.1
Project("{9A19103F-16F7-4668-BE54-9A1E7A4F7556}") = "AuralizeBlazor", "AuralizeBlazor\AuralizeBlazor.csproj", "{858075BC-BB5C-423C-AED7-52B6D8F14D28}"
EndProject
Project("{2150E333-8FDC-42A3-9474-1A3956D46DE8}") = "Solution Items", "Solution Items", "{80CFA3A7-B75A-488B-906D-604F7ED2C846}"
	ProjectSection(SolutionItems) = preProject
		README.md = README.md
	EndProjectSection
EndProject
Project("{9A19103F-16F7-4668-BE54-9A1E7A4F7556}") = "AuralizeBlazor.Sample", "Sample\AuralizeBlazor.Sample\AuralizeBlazor.Sample.csproj", "{454E25E7-A8BE-49B2-B2B2-07D2B41F12E8}"
EndProject
Project("{9A19103F-16F7-4668-BE54-9A1E7A4F7556}") = "DocsCompiler", "DocsCompiler\DocsCompiler.csproj", "{E973F05D-0EA9-49A6-84D5-25B3EECA7037}"
EndProject
Global
	GlobalSection(SolutionConfigurationPlatforms) = preSolution
		Debug|Any CPU = Debug|Any CPU
		Release|Any CPU = Release|Any CPU
	EndGlobalSection
	GlobalSection(ProjectConfigurationPlatforms) = postSolution
		{858075BC-BB5C-423C-AED7-52B6D8F14D28}.Debug|Any CPU.ActiveCfg = Debug|Any CPU
		{858075BC-BB5C-423C-AED7-52B6D8F14D28}.Debug|Any CPU.Build.0 = Debug|Any CPU
		{858075BC-BB5C-423C-AED7-52B6D8F14D28}.Release|Any CPU.ActiveCfg = Release|Any CPU
		{858075BC-BB5C-423C-AED7-52B6D8F14D28}.Release|Any CPU.Build.0 = Release|Any CPU
		{454E25E7-A8BE-49B2-B2B2-07D2B41F12E8}.Debug|Any CPU.ActiveCfg = Debug|Any CPU
		{454E25E7-A8BE-49B2-B2B2-07D2B41F12E8}.Debug|Any CPU.Build.0 = Debug|Any CPU
		{454E25E7-A8BE-49B2-B2B2-07D2B41F12E8}.Release|Any CPU.ActiveCfg = Release|Any CPU
		{454E25E7-A8BE-49B2-B2B2-07D2B41F12E8}.Release|Any CPU.Build.0 = Release|Any CPU
		{E973F05D-0EA9-49A6-84D5-25B3EECA7037}.Debug|Any CPU.ActiveCfg = Debug|Any CPU
		{E973F05D-0EA9-49A6-84D5-25B3EECA7037}.Debug|Any CPU.Build.0 = Debug|Any CPU
		{E973F05D-0EA9-49A6-84D5-25B3EECA7037}.Release|Any CPU.ActiveCfg = Release|Any CPU
		{E973F05D-0EA9-49A6-84D5-25B3EECA7037}.Release|Any CPU.Build.0 = Release|Any CPU
	EndGlobalSection
	GlobalSection(SolutionProperties) = preSolution
		HideSolutionNode = FALSE
	EndGlobalSection
	GlobalSection(ExtensibilityGlobals) = postSolution
		SolutionGuid = {7B60C8B3-B519-40E0-993C-844C1F3E3C2E}
	EndGlobalSection
EndGlobal
